// !$*UTF8*$!
{
	archiveVersion = 1;
	classes = {
	};
	objectVersion = 46;
	objects = {

/* Begin PBXBuildFile section */
		B0DCD3511B5746930083C7BA /* main.m in Sources */ = {isa = PBXBuildFile; fileRef = B0DCD3501B5746930083C7BA /* main.m */; };
		B0DCD3541B5746930083C7BA /* AppDelegate.m in Sources */ = {isa = PBXBuildFile; fileRef = B0DCD3531B5746930083C7BA /* AppDelegate.m */; };
		B0DCD3571B5746930083C7BA /* ViewController.m in Sources */ = {isa = PBXBuildFile; fileRef = B0DCD3561B5746930083C7BA /* ViewController.m */; };
		B0DCD35A1B5746930083C7BA /* Main.storyboard in Resources */ = {isa = PBXBuildFile; fileRef = B0DCD3581B5746930083C7BA /* Main.storyboard */; };
		B0DCD35C1B5746930083C7BA /* Images.xcassets in Resources */ = {isa = PBXBuildFile; fileRef = B0DCD35B1B5746930083C7BA /* Images.xcassets */; };
		B0DCD35F1B5746930083C7BA /* LaunchScreen.xib in Resources */ = {isa = PBXBuildFile; fileRef = B0DCD35D1B5746930083C7BA /* LaunchScreen.xib */; };
		B0DCD36B1B5746930083C7BA /* NavigationMenuTests.m in Sources */ = {isa = PBXBuildFile; fileRef = B0DCD36A1B5746930083C7BA /* NavigationMenuTests.m */; };
/* End PBXBuildFile section */

/* Begin PBXContainerItemProxy section */
		B0DCD3651B5746930083C7BA /* PBXContainerItemProxy */ = {
			isa = PBXContainerItemProxy;
			containerPortal = B0DCD3431B5746930083C7BA /* Project object */;
			proxyType = 1;
			remoteGlobalIDString = B0DCD34A1B5746930083C7BA;
			remoteInfo = NavigationMenu;
		};
/* End PBXContainerItemProxy section */

/* Begin PBXFileReference section */
		B0DCD34B1B5746930083C7BA /* NavigationMenu.app */ = {isa = PBXFileReference; explicitFileType = wrapper.application; includeInIndex = 0; path = NavigationMenu.app; sourceTree = BUILT_PRODUCTS_DIR; };
		B0DCD34F1B5746930083C7BA /* Info.plist */ = {isa = PBXFileReference; lastKnownFileType = text.plist.xml; path = Info.plist; sourceTree = "<group>"; };
		B0DCD3501B5746930083C7BA /* main.m */ = {isa = PBXFileReference; lastKnownFileType = sourcecode.c.objc; path = main.m; sourceTree = "<group>"; };
		B0DCD3521B5746930083C7BA /* AppDelegate.h */ = {isa = PBXFileReference; lastKnownFileType = sourcecode.c.h; path = AppDelegate.h; sourceTree = "<group>"; };
		B0DCD3531B5746930083C7BA /* AppDelegate.m */ = {isa = PBXFileReference; lastKnownFileType = sourcecode.c.objc; path = AppDelegate.m; sourceTree = "<group>"; };
		B0DCD3551B5746930083C7BA /* ViewController.h */ = {isa = PBXFileReference; lastKnownFileType = sourcecode.c.h; path = ViewController.h; sourceTree = "<group>"; };
		B0DCD3561B5746930083C7BA /* ViewController.m */ = {isa = PBXFileReference; lastKnownFileType = sourcecode.c.objc; path = ViewController.m; sourceTree = "<group>"; };
		B0DCD3591B5746930083C7BA /* Base */ = {isa = PBXFileReference; lastKnownFileType = file.storyboard; name = Base; path = Base.lproj/Main.storyboard; sourceTree = "<group>"; };
		B0DCD35B1B5746930083C7BA /* Images.xcassets */ = {isa = PBXFileReference; lastKnownFileType = folder.assetcatalog; path = Images.xcassets; sourceTree = "<group>"; };
		B0DCD35E1B5746930083C7BA /* Base */ = {isa = PBXFileReference; lastKnownFileType = file.xib; name = Base; path = Base.lproj/LaunchScreen.xib; sourceTree = "<group>"; };
		B0DCD3641B5746930083C7BA /* NavigationMenuTests.xctest */ = {isa = PBXFileReference; explicitFileType = wrapper.cfbundle; includeInIndex = 0; path = NavigationMenuTests.xctest; sourceTree = BUILT_PRODUCTS_DIR; };
		B0DCD3691B5746930083C7BA /* Info.plist */ = {isa = PBXFileReference; lastKnownFileType = text.plist.xml; path = Info.plist; sourceTree = "<group>"; };
		B0DCD36A1B5746930083C7BA /* NavigationMenuTests.m */ = {isa = PBXFileReference; lastKnownFileType = sourcecode.c.objc; path = NavigationMenuTests.m; sourceTree = "<group>"; };
/* End PBXFileReference section */

/* Begin PBXFrameworksBuildPhase section */
		B0DCD3481B5746930083C7BA /* Frameworks */ = {
			isa = PBXFrameworksBuildPhase;
			buildActionMask = 2147483647;
			files = (
			);
			runOnlyForDeploymentPostprocessing = 0;
		};
		B0DCD3611B5746930083C7BA /* Frameworks */ = {
			isa = PBXFrameworksBuildPhase;
			buildActionMask = 2147483647;
			files = (
			);
			runOnlyForDeploymentPostprocessing = 0;
		};
/* End PBXFrameworksBuildPhase section */

/* Begin PBXGroup section */
		B0DCD3421B5746930083C7BA = {
			isa = PBXGroup;
			children = (
				B0DCD34D1B5746930083C7BA /* NavigationMenu */,
				B0DCD3671B5746930083C7BA /* NavigationMenuTests */,
				B0DCD34C1B5746930083C7BA /* Products */,
			);
			sourceTree = "<group>";
		};
		B0DCD34C1B5746930083C7BA /* Products */ = {
			isa = PBXGroup;
			children = (
				B0DCD34B1B5746930083C7BA /* NavigationMenu.app */,
				B0DCD3641B5746930083C7BA /* NavigationMenuTests.xctest */,
			);
			name = Products;
			sourceTree = "<group>";
		};
		B0DCD34D1B5746930083C7BA /* NavigationMenu */ = {
			isa = PBXGroup;
			children = (
				B0DCD3521B5746930083C7BA /* AppDelegate.h */,
				B0DCD3531B5746930083C7BA /* AppDelegate.m */,
				B0DCD3551B5746930083C7BA /* ViewController.h */,
				B0DCD3561B5746930083C7BA /* ViewController.m */,
				B0DCD3581B5746930083C7BA /* Main.storyboard */,
				B0DCD35B1B5746930083C7BA /* Images.xcassets */,
				B0DCD35D1B5746930083C7BA /* LaunchScreen.xib */,
				B0DCD34E1B5746930083C7BA /* Supporting Files */,
			);
			path = NavigationMenu;
			sourceTree = "<group>";
		};
		B0DCD34E1B5746930083C7BA /* Supporting Files */ = {
			isa = PBXGroup;
			children = (
				B0DCD34F1B5746930083C7BA /* Info.plist */,
				B0DCD3501B5746930083C7BA /* main.m */,
			);
			name = "Supporting Files";
			sourceTree = "<group>";
		};
		B0DCD3671B5746930083C7BA /* NavigationMenuTests */ = {
			isa = PBXGroup;
			children = (
				B0DCD36A1B5746930083C7BA /* NavigationMenuTests.m */,
				B0DCD3681B5746930083C7BA /* Supporting Files */,
			);
			path = NavigationMenuTests;
			sourceTree = "<group>";
		};
		B0DCD3681B5746930083C7BA /* Supporting Files */ = {
			isa = PBXGroup;
			children = (
				B0DCD3691B5746930083C7BA /* Info.plist */,
			);
			name = "Supporting Files";
			sourceTree = "<group>";
		};
/* End PBXGroup section */

/* Begin PBXNativeTarget section */
		B0DCD34A1B5746930083C7BA /* NavigationMenu */ = {
			isa = PBXNativeTarget;
			buildConfigurationList = B0DCD36E1B5746930083C7BA /* Build configuration list for PBXNativeTarget "NavigationMenu" */;
			buildPhases = (
				B0DCD3471B5746930083C7BA /* Sources */,
				B0DCD3481B5746930083C7BA /* Frameworks */,
				B0DCD3491B5746930083C7BA /* Resources */,
			);
			buildRules = (
			);
			dependencies = (
			);
			name = NavigationMenu;
			productName = NavigationMenu;
			productReference = B0DCD34B1B5746930083C7BA /* NavigationMenu.app */;
			productType = "com.apple.product-type.application";
		};
		B0DCD3631B5746930083C7BA /* NavigationMenuTests */ = {
			isa = PBXNativeTarget;
			buildConfigurationList = B0DCD3711B5746930083C7BA /* Build configuration list for PBXNativeTarget "NavigationMenuTests" */;
			buildPhases = (
				B0DCD3601B5746930083C7BA /* Sources */,
				B0DCD3611B5746930083C7BA /* Frameworks */,
				B0DCD3621B5746930083C7BA /* Resources */,
			);
			buildRules = (
			);
			dependencies = (
				B0DCD3661B5746930083C7BA /* PBXTargetDependency */,
			);
			name = NavigationMenuTests;
			productName = NavigationMenuTests;
			productReference = B0DCD3641B5746930083C7BA /* NavigationMenuTests.xctest */;
			productType = "com.apple.product-type.bundle.unit-test";
		};
/* End PBXNativeTarget section */

/* Begin PBXProject section */
		B0DCD3431B5746930083C7BA /* Project object */ = {
			isa = PBXProject;
			attributes = {
				LastUpgradeCheck = 0640;
				ORGANIZATIONNAME = stevenlfg;
				TargetAttributes = {
					B0DCD34A1B5746930083C7BA = {
						CreatedOnToolsVersion = 6.4;
					};
					B0DCD3631B5746930083C7BA = {
						CreatedOnToolsVersion = 6.4;
						TestTargetID = B0DCD34A1B5746930083C7BA;
					};
				};
			};
			buildConfigurationList = B0DCD3461B5746930083C7BA /* Build configuration list for PBXProject "NavigationMenu" */;
			compatibilityVersion = "Xcode 3.2";
			developmentRegion = English;
			hasScannedForEncodings = 0;
			knownRegions = (
				en,
				Base,
			);
			mainGroup = B0DCD3421B5746930083C7BA;
			productRefGroup = B0DCD34C1B5746930083C7BA /* Products */;
			projectDirPath = "";
			projectRoot = "";
			targets = (
				B0DCD34A1B5746930083C7BA /* NavigationMenu */,
				B0DCD3631B5746930083C7BA /* NavigationMenuTests */,
			);
		};
/* End PBXProject section */

/* Begin PBXResourcesBuildPhase section */
		B0DCD3491B5746930083C7BA /* Resources */ = {
			isa = PBXResourcesBuildPhase;
			buildActionMask = 2147483647;
			files = (
				B0DCD35A1B5746930083C7BA /* Main.storyboard in Resources */,
				B0DCD35F1B5746930083C7BA /* LaunchScreen.xib in Resources */,
				B0DCD35C1B5746930083C7BA /* Images.xcassets in Resources */,
			);
			runOnlyForDeploymentPostprocessing = 0;
		};
		B0DCD3621B5746930083C7BA /* Resources */ = {
			isa = PBXResourcesBuildPhase;
			buildActionMask = 2147483647;
			files = (
			);
			runOnlyForDeploymentPostprocessing = 0;
		};
/* End PBXResourcesBuildPhase section */

/* Begin PBXSourcesBuildPhase section */
		B0DCD3471B5746930083C7BA /* Sources */ = {
			isa = PBXSourcesBuildPhase;
			buildActionMask = 2147483647;
			files = (
				B0DCD3571B5746930083C7BA /* ViewController.m in Sources */,
				B0DCD3541B5746930083C7BA /* AppDelegate.m in Sources */,
				B0DCD3511B5746930083C7BA /* main.m in Sources */,
			);
			runOnlyForDeploymentPostprocessing = 0;
		};
		B0DCD3601B5746930083C7BA /* Sources */ = {
			isa = PBXSourcesBuildPhase;
			buildActionMask = 2147483647;
			files = (
				B0DCD36B1B5746930083C7BA /* NavigationMenuTests.m in Sources */,
			);
			runOnlyForDeploymentPostprocessing = 0;
		};
/* End PBXSourcesBuildPhase section */

/* Begin PBXTargetDependency section */
		B0DCD3661B5746930083C7BA /* PBXTargetDependency */ = {
			isa = PBXTargetDependency;
			target = B0DCD34A1B5746930083C7BA /* NavigationMenu */;
			targetProxy = B0DCD3651B5746930083C7BA /* PBXContainerItemProxy */;
		};
/* End PBXTargetDependency section */

/* Begin PBXVariantGroup section */
		B0DCD3581B5746930083C7BA /* Main.storyboard */ = {
			isa = PBXVariantGroup;
			children = (
				B0DCD3591B5746930083C7BA /* Base */,
			);
			name = Main.storyboard;
			sourceTree = "<group>";
		};
		B0DCD35D1B5746930083C7BA /* LaunchScreen.xib */ = {
			isa = PBXVariantGroup;
			children = (
				B0DCD35E1B5746930083C7BA /* Base */,
			);
			name = LaunchScreen.xib;
			sourceTree = "<group>";
		};
/* End PBXVariantGroup section */

/* Begin XCBuildConfiguration section */
		B0DCD36C1B5746930083C7BA /* Debug */ = {
			isa = XCBuildConfiguration;
			buildSettings = {
				ALWAYS_SEARCH_USER_PATHS = NO;
				CLANG_CXX_LANGUAGE_STANDARD = "gnu++0x";
				CLANG_CXX_LIBRARY = "libc++";
				CLANG_ENABLE_MODULES = YES;
				CLANG_ENABLE_OBJC_ARC = YES;
				CLANG_WARN_BOOL_CONVERSION = YES;
				CLANG_WARN_CONSTANT_CONVERSION = YES;
				CLANG_WARN_DIRECT_OBJC_ISA_USAGE = YES_ERROR;
				CLANG_WARN_EMPTY_BODY = YES;
				CLANG_WARN_ENUM_CONVERSION = YES;
				CLANG_WARN_INT_CONVERSION = YES;
				CLANG_WARN_OBJC_ROOT_CLASS = YES_ERROR;
				CLANG_WARN_UNREACHABLE_CODE = YES;
				CLANG_WARN__DUPLICATE_METHOD_MATCH = YES;
				"CODE_SIGN_IDENTITY[sdk=iphoneos*]" = "iPhone Developer";
				COPY_PHASE_STRIP = NO;
				DEBUG_INFORMATION_FORMAT = "dwarf-with-dsym";
				ENABLE_STRICT_OBJC_MSGSEND = YES;
				GCC_C_LANGUAGE_STANDARD = gnu99;
				GCC_DYNAMIC_NO_PIC = NO;
				GCC_NO_COMMON_BLOCKS = YES;
				GCC_OPTIMIZATION_LEVEL = 0;
				GCC_PREPROCESSOR_DEFINITIONS = (
					"DEBUG=1",
					"$(inherited)",
				);
				GCC_SYMBOLS_PRIVATE_EXTERN = NO;
				GCC_WARN_64_TO_32_BIT_CONVERSION = YES;
				GCC_WARN_ABOUT_RETURN_TYPE = YES_ERROR;
				GCC_WARN_UNDECLARED_SELECTOR = YES;
				GCC_WARN_UNINITIALIZED_AUTOS = YES_AGGRESSIVE;
				GCC_WARN_UNUSED_FUNCTION = YES;
				GCC_WARN_UNUSED_VARIABLE = YES;
				IPHONEOS_DEPLOYMENT_TARGET = 8.4;
				MTL_ENABLE_DEBUG_INFO = YES;
				ONLY_ACTIVE_ARCH = YES;
				SDKROOT = iphoneos;
			};
			name = Debug;
		};
		B0DCD36D1B5746930083C7BA /* Release */ = {
			isa = XCBuildConfiguration;
			buildSettings = {
				ALWAYS_SEARCH_USER_PATHS = NO;
				CLANG_CXX_LANGUAGE_STANDARD = "gnu++0x";
				CLANG_CXX_LIBRARY = "libc++";
				CLANG_ENABLE_MODULES = YES;
				CLANG_ENABLE_OBJC_ARC = YES;
				CLANG_WARN_BOOL_CONVERSION = YES;
				CLANG_WARN_CONSTANT_CONVERSION = YES;
				CLANG_WARN_DIRECT_OBJC_ISA_USAGE = YES_ERROR;
				CLANG_WARN_EMPTY_BODY = YES;
				CLANG_WARN_ENUM_CONVERSION = YES;
				CLANG_WARN_INT_CONVERSION = YES;
				CLANG_WARN_OBJC_ROOT_CLASS = YES_ERROR;
				CLANG_WARN_UNREACHABLE_CODE = YES;
				CLANG_WARN__DUPLICATE_METHOD_MATCH = YES;
				"CODE_SIGN_IDENTITY[sdk=iphoneos*]" = "iPhone Developer";
				COPY_PHASE_STRIP = NO;
				DEBUG_INFORMATION_FORMAT = "dwarf-with-dsym";
				ENABLE_NS_ASSERTIONS = NO;
				ENABLE_STRICT_OBJC_MSGSEND = YES;
				GCC_C_LANGUAGE_STANDARD = gnu99;
				GCC_NO_COMMON_BLOCKS = YES;
				GCC_WARN_64_TO_32_BIT_CONVERSION = YES;
				GCC_WARN_ABOUT_RETURN_TYPE = YES_ERROR;
				GCC_WARN_UNDECLARED_SELECTOR = YES;
				GCC_WARN_UNINITIALIZED_AUTOS = YES_AGGRESSIVE;
				GCC_WARN_UNUSED_FUNCTION = YES;
				GCC_WARN_UNUSED_VARIABLE = YES;
				IPHONEOS_DEPLOYMENT_TARGET = 8.4;
				MTL_ENABLE_DEBUG_INFO = NO;
				SDKROOT = iphoneos;
				VALIDATE_PRODUCT = YES;
			};
			name = Release;
		};
		B0DCD36F1B5746930083C7BA /* Debug */ = {
			isa = XCBuildConfiguration;
			buildSettings = {
				ASSETCATALOG_COMPILER_APPICON_NAME = AppIcon;
				INFOPLIST_FILE = NavigationMenu/Info.plist;
				LD_RUNPATH_SEARCH_PATHS = "$(inherited) @executable_path/Frameworks";
				PRODUCT_NAME = "$(TARGET_NAME)";
			};
			name = Debug;
		};
		B0DCD3701B5746930083C7BA /* Release */ = {
			isa = XCBuildConfiguration;
			buildSettings = {
				ASSETCATALOG_COMPILER_APPICON_NAME = AppIcon;
				INFOPLIST_FILE = NavigationMenu/Info.plist;
				LD_RUNPATH_SEARCH_PATHS = "$(inherited) @executable_path/Frameworks";
				PRODUCT_NAME = "$(TARGET_NAME)";
			};
			name = Release;
		};
		B0DCD3721B5746930083C7BA /* Debug */ = {
			isa = XCBuildConfiguration;
			buildSettings = {
				BUNDLE_LOADER = "$(TEST_HOST)";
				FRAMEWORK_SEARCH_PATHS = (
					"$(SDKROOT)/Developer/Library/Frameworks",
					"$(inherited)",
				);
				GCC_PREPROCESSOR_DEFINITIONS = (
					"DEBUG=1",
					"$(inherited)",
				);
				INFOPLIST_FILE = NavigationMenuTests/Info.plist;
				LD_RUNPATH_SEARCH_PATHS = "$(inherited) @executable_path/Frameworks @loader_path/Frameworks";
				PRODUCT_NAME = "$(TARGET_NAME)";
				TEST_HOST = "$(BUILT_PRODUCTS_DIR)/NavigationMenu.app/NavigationMenu";
			};
			name = Debug;
		};
		B0DCD3731B5746930083C7BA /* Release */ = {
			isa = XCBuildConfiguration;
			buildSettings = {
				BUNDLE_LOADER = "$(TEST_HOST)";
				FRAMEWORK_SEARCH_PATHS = (
					"$(SDKROOT)/Developer/Library/Frameworks",
					"$(inherited)",
				);
				INFOPLIST_FILE = NavigationMenuTests/Info.plist;
				LD_RUNPATH_SEARCH_PATHS = "$(inherited) @executable_path/Frameworks @loader_path/Frameworks";
				PRODUCT_NAME = "$(TARGET_NAME)";
				TEST_HOST = "$(BUILT_PRODUCTS_DIR)/NavigationMenu.app/NavigationMenu";
			};
			name = Release;
		};
/* End XCBuildConfiguration section */

/* Begin XCConfigurationList section */
		B0DCD3461B5746930083C7BA /* Build configuration list for PBXProject "NavigationMenu" */ = {
			isa = XCConfigurationList;
			buildConfigurations = (
				B0DCD36C1B5746930083C7BA /* Debug */,
				B0DCD36D1B5746930083C7BA /* Release */,
			);
			defaultConfigurationIsVisible = 0;
			defaultConfigurationName = Release;
		};
		B0DCD36E1B5746930083C7BA /* Build configuration list for PBXNativeTarget "NavigationMenu" */ = {
			isa = XCConfigurationList;
			buildConfigurations = (
				B0DCD36F1B5746930083C7BA /* Debug */,
				B0DCD3701B5746930083C7BA /* Release */,
			);
			defaultConfigurationIsVisible = 0;
		};
		B0DCD3711B5746930083C7BA /* Build configuration list for PBXNativeTarget "NavigationMenuTests" */ = {
			isa = XCConfigurationList;
			buildConfigurations = (
				B0DCD3721B5746930083C7BA /* Debug */,
				B0DCD3731B5746930083C7BA /* Release */,
			);
			defaultConfigurationIsVisible = 0;
		};
/* End XCConfigurationList section */
	};
	rootObject = B0DCD3431B5746930083C7BA /* Project object */;
}
